
Microsoft Visual Studio Solution File, Format Version 12.00
# Visual Studio Version 17
VisualStudioVersion = 17.2.32616.157
MinimumVisualStudioVersion = 10.0.40219.1
Project("{FAE04EC0-301F-11D3-BF4B-00C04F79EFBC}") = "Practica Parcial", "Practica Parcial\Practica Parcial.csproj", "{9CDC7AF3-6011-4EAA-833D-71C9B9137245}"
EndProject
Global
	GlobalSection(SolutionConfigurationPlatforms) = preSolution
		Debug|Any CPU = Debug|Any CPU
		Release|Any CPU = Release|Any CPU
	EndGlobalSection
	GlobalSection(ProjectConfigurationPlatforms) = postSolution
		{9CDC7AF3-6011-4EAA-833D-71C9B9137245}.Debug|Any CPU.ActiveCfg = Debug|Any CPU
		{9CDC7AF3-6011-4EAA-833D-71C9B9137245}.Debug|Any CPU.Build.0 = Debug|Any CPU
		{9CDC7AF3-6011-4EAA-833D-71C9B9137245}.Release|Any CPU.ActiveCfg = Release|Any CPU
		{9CDC7AF3-6011-4EAA-833D-71C9B9137245}.Release|Any CPU.Build.0 = Release|Any CPU
	EndGlobalSection
	GlobalSection(SolutionProperties) = preSolution
		HideSolutionNode = FALSE
	EndGlobalSection
	GlobalSection(ExtensibilityGlobals) = postSolution
		SolutionGuid = {677A0A96-60EB-47B8-9CE8-EF1CF3D0B38F}
	EndGlobalSection
EndGlobal
